
Microsoft Visual Studio Solution File, Format Version 12.00
# Visual Studio Version 17
VisualStudioVersion = 17.2.32519.379
MinimumVisualStudioVersion = 10.0.40219.1
Project("{FAE04EC0-301F-11D3-BF4B-00C04F79EFBC}") = "Teste_sucesp", "Teste_sucesp\Teste_sucesp.csproj", "{FDA93A0B-15A2-4F6A-8047-C52AEA7C5A8B}"
EndProject
Global
	GlobalSection(SolutionConfigurationPlatforms) = preSolution
		Debug|Any CPU = Debug|Any CPU
		Release|Any CPU = Release|Any CPU
	EndGlobalSection
	GlobalSection(ProjectConfigurationPlatforms) = postSolution
		{FDA93A0B-15A2-4F6A-8047-C52AEA7C5A8B}.Debug|Any CPU.ActiveCfg = Debug|Any CPU
		{FDA93A0B-15A2-4F6A-8047-C52AEA7C5A8B}.Debug|Any CPU.Build.0 = Debug|Any CPU
		{FDA93A0B-15A2-4F6A-8047-C52AEA7C5A8B}.Release|Any CPU.ActiveCfg = Release|Any CPU
		{FDA93A0B-15A2-4F6A-8047-C52AEA7C5A8B}.Release|Any CPU.Build.0 = Release|Any CPU
	EndGlobalSection
	GlobalSection(SolutionProperties) = preSolution
		HideSolutionNode = FALSE
	EndGlobalSection
	GlobalSection(ExtensibilityGlobals) = postSolution
		SolutionGuid = {7EBC54C6-23D6-4B3C-A5A7-1E8F35D0F91A}
	EndGlobalSection
EndGlobal
